<?xml version="1.0" encoding="utf-8"?>
<Project ToolsVersion="4.0" xmlns="http://schemas.microsoft.com/developer/msbuild/2003">
  <ItemGroup>
    <Filter Include="Source Files">
      <UniqueIdentifier>{4FC737F1-C7A5-4376-A066-2A32D752A2FF}</UniqueIdentifier>
      <Extensions>cpp;c;cc;cxx;c++;cppm;ixx;def;odl;idl;hpj;bat;asm;asmx</Extensions>
    </Filter>
    <Filter Include="Header Files">
      <UniqueIdentifier>{93995380-89BD-4b04-88EB-625FBE52EBFB}</UniqueIdentifier>
      <Extensions>h;hh;hpp;hxx;h++;hm;inl;inc;ipp;xsd</Extensions>
    </Filter>
    <Filter Include="Resource Files">
      <UniqueIdentifier>{67DA6AB6-F800-4c08-8B7A-83BB121AAD01}</UniqueIdentifier>
      <Extensions>rc;ico;cur;bmp;dlg;rc2;rct;bin;rgs;gif;jpg;jpeg;jpe;resx;tiff;tif;png;wav;mfcribbon-ms</Extensions>
    </Filter>
  </ItemGroup>
  <ItemGroup>
    <ClCompile Include="src\GLFW\cocoa_time.c">
      <Filter>Source Files</Filter>
    </ClCompile>
    <ClCompile Include="src\GLFW\context.c">
      <Filter>Source Files</Filter>
    </ClCompile>
    <ClCompile Include="src\GLFW\egl_context.c">
      <Filter>Source Files</Filter>
    </ClCompile>
    <ClCompile Include="src\GLFW\glx_context.c">
      <Filter>Source Files</Filter>
    </ClCompile>
    <ClCompile Include="src\GLFW\init.c">
      <Filter>Source Files</Filter>
    </ClCompile>
    <ClCompile Include="src\GLFW\input.c">
      <Filter>Source Files</Filter>
    </ClCompile>
    <ClCompile Include="src\GLFW\linux_joystick.c">
      <Filter>Source Files</Filter>
    </ClCompile>
    <ClCompile Include="src\GLFW\monitor.c">
      <Filter>Source Files</Filter>
    </ClCompile>
    <ClCompile Include="src\GLFW\null_init.c">
      <Filter>Source Files</Filter>
    </ClCompile>
    <ClCompile Include="src\GLFW\null_joystick.c">
      <Filter>Source Files</Filter>
    </ClCompile>
    <ClCompile Include="src\GLFW\null_monitor.c">
      <Filter>Source Files</Filter>
    </ClCompile>
    <ClCompile Include="src\GLFW\null_window.c">
      <Filter>Source Files</Filter>
    </ClCompile>
    <ClCompile Include="src\GLFW\osmesa_context.c">
      <Filter>Source Files</Filter>
    </ClCompile>
    <ClCompile Include="src\GLFW\platform.c">
      <Filter>Source Files</Filter>
    </ClCompile>
    <ClCompile Include="src\GLFW\posix_module.c">
      <Filter>Source Files</Filter>
    </ClCompile>
    <ClCompile Include="src\GLFW\posix_poll.c">
      <Filter>Source Files</Filter>
    </ClCompile>
    <ClCompile Include="src\GLFW\posix_thread.c">
      <Filter>Source Files</Filter>
    </ClCompile>
    <ClCompile Include="src\GLFW\posix_time.c">
      <Filter>Source Files</Filter>
    </ClCompile>
    <ClCompile Include="src\GLFW\vulkan.c">
      <Filter>Source Files</Filter>
    </ClCompile>
    <ClCompile Include="src\GLFW\wgl_context.c">
      <Filter>Source Files</Filter>
    </ClCompile>
    <ClCompile Include="src\GLFW\win32_init.c">
      <Filter>Source Files</Filter>
    </ClCompile>
    <ClCompile Include="src\GLFW\win32_joystick.c">
      <Filter>Source Files</Filter>
    </ClCompile>
    <ClCompile Include="src\GLFW\win32_module.c">
      <Filter>Source Files</Filter>
    </ClCompile>
    <ClCompile Include="src\GLFW\win32_monitor.c">
      <Filter>Source Files</Filter>
    </ClCompile>
    <ClCompile Include="src\GLFW\win32_thread.c">
      <Filter>Source Files</Filter>
    </ClCompile>
    <ClCompile Include="src\GLFW\win32_time.c">
      <Filter>Source Files</Filter>
    </ClCompile>
    <ClCompile Include="src\GLFW\win32_window.c">
      <Filter>Source Files</Filter>
    </ClCompile>
    <ClCompile Include="src\GLFW\window.c">
      <Filter>Source Files</Filter>
    </ClCompile>
    <ClCompile Include="src\GLFW\wl_init.c">
      <Filter>Source Files</Filter>
    </ClCompile>
    <ClCompile Include="src\GLFW\wl_monitor.c">
      <Filter>Source Files</Filter>
    </ClCompile>
    <ClCompile Include="src\GLFW\wl_window.c">
      <Filter>Source Files</Filter>
    </ClCompile>
    <ClCompile Include="src\GLFW\x11_init.c">
      <Filter>Source Files</Filter>
    </ClCompile>
    <ClCompile Include="src\GLFW\x11_monitor.c">
      <Filter>Source Files</Filter>
    </ClCompile>
    <ClCompile Include="src\GLFW\x11_window.c">
      <Filter>Source Files</Filter>
    </ClCompile>
    <ClCompile Include="src\GLFW\xkb_unicode.c">
      <Filter>Source Files</Filter>
    </ClCompile>
    <ClCompile Include="src\glad\glad.c">
      <Filter>Source Files</Filter>
    </ClCompile>
    <ClCompile Include="src\backend\rcp_window.cpp">
      <Filter>Source Files</Filter>
    </ClCompile>
    <ClCompile Include="src\backend\rcp_buffer.cpp">
      <Filter>Source Files</Filter>
    </ClCompile>
    <ClCompile Include="src\backend\rcp_shader.cpp">
      <Filter>Source Files</Filter>
    </ClCompile>
  </ItemGroup>
  <ItemGroup>
    <ClInclude Include="src\GLFW\cocoa_joystick.h">
      <Filter>Header Files</Filter>
    </ClInclude>
    <ClInclude Include="src\GLFW\cocoa_platform.h">
      <Filter>Header Files</Filter>
    </ClInclude>
    <ClInclude Include="src\GLFW\cocoa_time.h">
      <Filter>Header Files</Filter>
    </ClInclude>
    <ClInclude Include="src\GLFW\internal.h">
      <Filter>Header Files</Filter>
    </ClInclude>
    <ClInclude Include="src\GLFW\linux_joystick.h">
      <Filter>Header Files</Filter>
    </ClInclude>
    <ClInclude Include="src\GLFW\mappings.h">
      <Filter>Header Files</Filter>
    </ClInclude>
    <ClInclude Include="src\GLFW\null_joystick.h">
      <Filter>Header Files</Filter>
    </ClInclude>
    <ClInclude Include="src\GLFW\null_platform.h">
      <Filter>Header Files</Filter>
    </ClInclude>
    <ClInclude Include="src\GLFW\platform.h">
      <Filter>Header Files</Filter>
    </ClInclude>
    <ClInclude Include="src\GLFW\posix_poll.h">
      <Filter>Header Files</Filter>
    </ClInclude>
    <ClInclude Include="src\GLFW\posix_thread.h">
      <Filter>Header Files</Filter>
    </ClInclude>
    <ClInclude Include="src\GLFW\posix_time.h">
      <Filter>Header Files</Filter>
    </ClInclude>
    <ClInclude Include="src\GLFW\win32_joystick.h">
      <Filter>Header Files</Filter>
    </ClInclude>
    <ClInclude Include="src\GLFW\win32_platform.h">
      <Filter>Header Files</Filter>
    </ClInclude>
    <ClInclude Include="src\GLFW\win32_thread.h">
      <Filter>Header Files</Filter>
    </ClInclude>
    <ClInclude Include="src\GLFW\win32_time.h">
      <Filter>Header Files</Filter>
    </ClInclude>
    <ClInclude Include="src\GLFW\wl_platform.h">
      <Filter>Header Files</Filter>
    </ClInclude>
    <ClInclude Include="src\GLFW\x11_platform.h">
      <Filter>Header Files</Filter>
    </ClInclude>
    <ClInclude Include="src\GLFW\xkb_unicode.h">
      <Filter>Header Files</Filter>
    </ClInclude>
    <ClInclude Include="include\GLFW\glfw3.h">
      <Filter>Header Files</Filter>
    </ClInclude>
    <ClInclude Include="include\GLFW\glfw3native.h">
      <Filter>Header Files</Filter>
    </ClInclude>
    <ClInclude Include="include\glad\glad.h">
      <Filter>Header Files</Filter>
    </ClInclude>
    <ClInclude Include="include\KHR\khrplatform.h">
      <Filter>Header Files</Filter>
    </ClInclude>
    <ClInclude Include="src\backend\rcp_window.hpp">
      <Filter>Header Files</Filter>
    </ClInclude>
    <ClInclude Include="src\backend\rcp_buffer.hpp">
      <Filter>Header Files</Filter>
    </ClInclude>
    <ClInclude Include="src\backend\rcp_shader.hpp">
      <Filter>Header Files</Filter>
    </ClInclude>
  </ItemGroup>
</Project>